// !$*UTF8*$!
{
	archiveVersion = 1;
	classes = {
	};
	objectVersion = 48;
	objects = {

/* Begin PBXBuildFile section */
		0315DF3D206AB9BB00412AB9 /* SignUpViewController.swift in Sources */ = {isa = PBXBuildFile; fileRef = 0315DF3C206AB9BB00412AB9 /* SignUpViewController.swift */; };
		0315DF3F206ABA7400412AB9 /* left-arrow.png in Resources */ = {isa = PBXBuildFile; fileRef = 0315DF3E206ABA7400412AB9 /* left-arrow.png */; };
		033430C42079E9E7008BF8CA /* BorderedButton.swift in Sources */ = {isa = PBXBuildFile; fileRef = 033430C32079E9E7008BF8CA /* BorderedButton.swift */; };
		033430C62079EB98008BF8CA /* user (2).png in Resources */ = {isa = PBXBuildFile; fileRef = 033430C52079EB97008BF8CA /* user (2).png */; };
		033430C82079F365008BF8CA /* add.png in Resources */ = {isa = PBXBuildFile; fileRef = 033430C72079F364008BF8CA /* add.png */; };
		0358C501206FA93A007A2BC2 /* UserLoginService.swift in Sources */ = {isa = PBXBuildFile; fileRef = 0358C500206FA93A007A2BC2 /* UserLoginService.swift */; };
		0358C503206FABE6007A2BC2 /* ActivityView.swift in Sources */ = {isa = PBXBuildFile; fileRef = 0358C502206FABE5007A2BC2 /* ActivityView.swift */; };
		0358C505206FAC0F007A2BC2 /* Toast.swift in Sources */ = {isa = PBXBuildFile; fileRef = 0358C504206FAC0F007A2BC2 /* Toast.swift */; };
		0358C508206FAD59007A2BC2 /* ToastView.swift in Sources */ = {isa = PBXBuildFile; fileRef = 0358C506206FAD58007A2BC2 /* ToastView.swift */; };
		0358C509206FAD59007A2BC2 /* ToastCenter.swift in Sources */ = {isa = PBXBuildFile; fileRef = 0358C507206FAD59007A2BC2 /* ToastCenter.swift */; };
		0358C50B206FB214007A2BC2 /* Types.swift in Sources */ = {isa = PBXBuildFile; fileRef = 0358C50A206FB214007A2BC2 /* Types.swift */; };
		0358C519206FCF45007A2BC2 /* logout (1).png in Resources */ = {isa = PBXBuildFile; fileRef = 0358C518206FCF44007A2BC2 /* logout (1).png */; };
		0358C51B206FEC0E007A2BC2 /* Search.png in Resources */ = {isa = PBXBuildFile; fileRef = 0358C51A206FEC0E007A2BC2 /* Search.png */; };
		0358C51D206FED3B007A2BC2 /* filter.png in Resources */ = {isa = PBXBuildFile; fileRef = 0358C51C206FED3A007A2BC2 /* filter.png */; };
		0358C520206FEEFC007A2BC2 /* ListCollectionViewCell.swift in Sources */ = {isa = PBXBuildFile; fileRef = 0358C51E206FEEFC007A2BC2 /* ListCollectionViewCell.swift */; };
		0358C521206FEEFC007A2BC2 /* ListCollectionViewCell.xib in Resources */ = {isa = PBXBuildFile; fileRef = 0358C51F206FEEFC007A2BC2 /* ListCollectionViewCell.xib */; };
		0358C54C206FF7CC007A2BC2 /* IQNSArray+Sort.m in Sources */ = {isa = PBXBuildFile; fileRef = 0358C52C206FF7CC007A2BC2 /* IQNSArray+Sort.m */; };
		0358C54D206FF7CC007A2BC2 /* IQUIScrollView+Additions.m in Sources */ = {isa = PBXBuildFile; fileRef = 0358C52E206FF7CC007A2BC2 /* IQUIScrollView+Additions.m */; };
		0358C54E206FF7CC007A2BC2 /* IQUITextFieldView+Additions.m in Sources */ = {isa = PBXBuildFile; fileRef = 0358C530206FF7CC007A2BC2 /* IQUITextFieldView+Additions.m */; };
		0358C54F206FF7CC007A2BC2 /* IQUIView+Hierarchy.m in Sources */ = {isa = PBXBuildFile; fileRef = 0358C532206FF7CC007A2BC2 /* IQUIView+Hierarchy.m */; };
		0358C550206FF7CC007A2BC2 /* IQUIViewController+Additions.m in Sources */ = {isa = PBXBuildFile; fileRef = 0358C534206FF7CC007A2BC2 /* IQUIViewController+Additions.m */; };
		0358C551206FF7CC007A2BC2 /* IQKeyboardManager.m in Sources */ = {isa = PBXBuildFile; fileRef = 0358C539206FF7CC007A2BC2 /* IQKeyboardManager.m */; };
		0358C552206FF7CC007A2BC2 /* IQKeyboardReturnKeyHandler.m in Sources */ = {isa = PBXBuildFile; fileRef = 0358C53B206FF7CC007A2BC2 /* IQKeyboardReturnKeyHandler.m */; };
		0358C553206FF7CC007A2BC2 /* IQTextView.m in Sources */ = {isa = PBXBuildFile; fileRef = 0358C53E206FF7CC007A2BC2 /* IQTextView.m */; };
		0358C554206FF7CC007A2BC2 /* IQBarButtonItem.m in Sources */ = {isa = PBXBuildFile; fileRef = 0358C541206FF7CC007A2BC2 /* IQBarButtonItem.m */; };
		0358C555206FF7CC007A2BC2 /* IQPreviousNextView.m in Sources */ = {isa = PBXBuildFile; fileRef = 0358C543206FF7CC007A2BC2 /* IQPreviousNextView.m */; };
		0358C556206FF7CC007A2BC2 /* IQTitleBarButtonItem.m in Sources */ = {isa = PBXBuildFile; fileRef = 0358C545206FF7CC007A2BC2 /* IQTitleBarButtonItem.m */; };
		0358C557206FF7CC007A2BC2 /* IQToolbar.m in Sources */ = {isa = PBXBuildFile; fileRef = 0358C547206FF7CC007A2BC2 /* IQToolbar.m */; };
		0358C558206FF7CC007A2BC2 /* IQUIView+IQKeyboardToolbar.m in Sources */ = {isa = PBXBuildFile; fileRef = 0358C549206FF7CC007A2BC2 /* IQUIView+IQKeyboardToolbar.m */; };
		0358C559206FF7CC007A2BC2 /* IQKeyboardManager.bundle in Resources */ = {isa = PBXBuildFile; fileRef = 0358C54B206FF7CC007A2BC2 /* IQKeyboardManager.bundle */; };
		0361C61C206E98A8001E928E /* WebAPI.swift in Sources */ = {isa = PBXBuildFile; fileRef = 0361C61B206E98A8001E928E /* WebAPI.swift */; };
		0361C61E206E9A72001E928E /* HTTPProtocol.swift in Sources */ = {isa = PBXBuildFile; fileRef = 0361C61D206E9A72001E928E /* HTTPProtocol.swift */; };
		036A65B9206BF7C50018D151 /* web-page-home.png in Resources */ = {isa = PBXBuildFile; fileRef = 036A65B8206BF7C40018D151 /* web-page-home.png */; };
		036A65BB206BF92C0018D151 /* plus-button.png in Resources */ = {isa = PBXBuildFile; fileRef = 036A65BA206BF92C0018D151 /* plus-button.png */; };
		036A65BD206BF98B0018D151 /* icon.png in Resources */ = {isa = PBXBuildFile; fileRef = 036A65BC206BF98A0018D151 /* icon.png */; };
		036A65BF206BFB5A0018D151 /* tabViewController.swift in Sources */ = {isa = PBXBuildFile; fileRef = 036A65BE206BFB5A0018D151 /* tabViewController.swift */; };
		036A65C2206BFF120018D151 /* HomeViewController.swift in Sources */ = {isa = PBXBuildFile; fileRef = 036A65C1206BFF120018D151 /* HomeViewController.swift */; };
		036A65C4206BFF240018D151 /* AddBookViewController.swift in Sources */ = {isa = PBXBuildFile; fileRef = 036A65C3206BFF240018D151 /* AddBookViewController.swift */; };
		036A65C6206BFF350018D151 /* ProfileViewController.swift in Sources */ = {isa = PBXBuildFile; fileRef = 036A65C5206BFF350018D151 /* ProfileViewController.swift */; };
		036A65C8206C003B0018D151 /* logout.png in Resources */ = {isa = PBXBuildFile; fileRef = 036A65C7206C003B0018D151 /* logout.png */; };
		522388082066F68D00008F6B /* AppDelegate.swift in Sources */ = {isa = PBXBuildFile; fileRef = 522388072066F68D00008F6B /* AppDelegate.swift */; };
		5223880A2066F68D00008F6B /* ViewController.swift in Sources */ = {isa = PBXBuildFile; fileRef = 522388092066F68D00008F6B /* ViewController.swift */; };
		5223880D2066F68D00008F6B /* Main.storyboard in Resources */ = {isa = PBXBuildFile; fileRef = 5223880B2066F68D00008F6B /* Main.storyboard */; };
		5223880F2066F68D00008F6B /* Assets.xcassets in Resources */ = {isa = PBXBuildFile; fileRef = 5223880E2066F68D00008F6B /* Assets.xcassets */; };
		522388122066F68D00008F6B /* LaunchScreen.storyboard in Resources */ = {isa = PBXBuildFile; fileRef = 522388102066F68D00008F6B /* LaunchScreen.storyboard */; };
		A63DA5E347CFE8DC22195996 /* Pods_BookExchange.framework in Frameworks */ = {isa = PBXBuildFile; fileRef = 3E8295BD5D32F61BB689F037 /* Pods_BookExchange.framework */; };
/* End PBXBuildFile section */

/* Begin PBXFileReference section */
		0315DF3C206AB9BB00412AB9 /* SignUpViewController.swift */ = {isa = PBXFileReference; lastKnownFileType = sourcecode.swift; path = SignUpViewController.swift; sourceTree = "<group>"; };
		0315DF3E206ABA7400412AB9 /* left-arrow.png */ = {isa = PBXFileReference; lastKnownFileType = image.png; path = "left-arrow.png"; sourceTree = "<group>"; };
		033430C32079E9E7008BF8CA /* BorderedButton.swift */ = {isa = PBXFileReference; fileEncoding = 4; lastKnownFileType = sourcecode.swift; path = BorderedButton.swift; sourceTree = "<group>"; };
		033430C52079EB97008BF8CA /* user (2).png */ = {isa = PBXFileReference; lastKnownFileType = image.png; path = "user (2).png"; sourceTree = "<group>"; };
		033430C72079F364008BF8CA /* add.png */ = {isa = PBXFileReference; lastKnownFileType = image.png; path = add.png; sourceTree = "<group>"; };
		0358C500206FA93A007A2BC2 /* UserLoginService.swift */ = {isa = PBXFileReference; fileEncoding = 4; lastKnownFileType = sourcecode.swift; path = UserLoginService.swift; sourceTree = "<group>"; };
		0358C502206FABE5007A2BC2 /* ActivityView.swift */ = {isa = PBXFileReference; fileEncoding = 4; lastKnownFileType = sourcecode.swift; path = ActivityView.swift; sourceTree = "<group>"; };
		0358C504206FAC0F007A2BC2 /* Toast.swift */ = {isa = PBXFileReference; fileEncoding = 4; lastKnownFileType = sourcecode.swift; path = Toast.swift; sourceTree = "<group>"; };
		0358C506206FAD58007A2BC2 /* ToastView.swift */ = {isa = PBXFileReference; fileEncoding = 4; lastKnownFileType = sourcecode.swift; path = ToastView.swift; sourceTree = "<group>"; };
		0358C507206FAD59007A2BC2 /* ToastCenter.swift */ = {isa = PBXFileReference; fileEncoding = 4; lastKnownFileType = sourcecode.swift; path = ToastCenter.swift; sourceTree = "<group>"; };
		0358C50A206FB214007A2BC2 /* Types.swift */ = {isa = PBXFileReference; fileEncoding = 4; lastKnownFileType = sourcecode.swift; path = Types.swift; sourceTree = "<group>"; };
		0358C518206FCF44007A2BC2 /* logout (1).png */ = {isa = PBXFileReference; lastKnownFileType = image.png; path = "logout (1).png"; sourceTree = "<group>"; };
		0358C51A206FEC0E007A2BC2 /* Search.png */ = {isa = PBXFileReference; lastKnownFileType = image.png; path = Search.png; sourceTree = "<group>"; };
		0358C51C206FED3A007A2BC2 /* filter.png */ = {isa = PBXFileReference; lastKnownFileType = image.png; path = filter.png; sourceTree = "<group>"; };
		0358C51E206FEEFC007A2BC2 /* ListCollectionViewCell.swift */ = {isa = PBXFileReference; lastKnownFileType = sourcecode.swift; path = ListCollectionViewCell.swift; sourceTree = "<group>"; };
		0358C51F206FEEFC007A2BC2 /* ListCollectionViewCell.xib */ = {isa = PBXFileReference; lastKnownFileType = file.xib; path = ListCollectionViewCell.xib; sourceTree = "<group>"; };
		0358C52B206FF7CC007A2BC2 /* IQNSArray+Sort.h */ = {isa = PBXFileReference; fileEncoding = 4; lastKnownFileType = sourcecode.c.h; path = "IQNSArray+Sort.h"; sourceTree = "<group>"; };
		0358C52C206FF7CC007A2BC2 /* IQNSArray+Sort.m */ = {isa = PBXFileReference; fileEncoding = 4; lastKnownFileType = sourcecode.c.objc; path = "IQNSArray+Sort.m"; sourceTree = "<group>"; };
		0358C52D206FF7CC007A2BC2 /* IQUIScrollView+Additions.h */ = {isa = PBXFileReference; fileEncoding = 4; lastKnownFileType = sourcecode.c.h; path = "IQUIScrollView+Additions.h"; sourceTree = "<group>"; };
		0358C52E206FF7CC007A2BC2 /* IQUIScrollView+Additions.m */ = {isa = PBXFileReference; fileEncoding = 4; lastKnownFileType = sourcecode.c.objc; path = "IQUIScrollView+Additions.m"; sourceTree = "<group>"; };
		0358C52F206FF7CC007A2BC2 /* IQUITextFieldView+Additions.h */ = {isa = PBXFileReference; fileEncoding = 4; lastKnownFileType = sourcecode.c.h; path = "IQUITextFieldView+Additions.h"; sourceTree = "<group>"; };
		0358C530206FF7CC007A2BC2 /* IQUITextFieldView+Additions.m */ = {isa = PBXFileReference; fileEncoding = 4; lastKnownFileType = sourcecode.c.objc; path = "IQUITextFieldView+Additions.m"; sourceTree = "<group>"; };
		0358C531206FF7CC007A2BC2 /* IQUIView+Hierarchy.h */ = {isa = PBXFileReference; fileEncoding = 4; lastKnownFileType = sourcecode.c.h; path = "IQUIView+Hierarchy.h"; sourceTree = "<group>"; };
		0358C532206FF7CC007A2BC2 /* IQUIView+Hierarchy.m */ = {isa = PBXFileReference; fileEncoding = 4; lastKnownFileType = sourcecode.c.objc; path = "IQUIView+Hierarchy.m"; sourceTree = "<group>"; };
		0358C533206FF7CC007A2BC2 /* IQUIViewController+Additions.h */ = {isa = PBXFileReference; fileEncoding = 4; lastKnownFileType = sourcecode.c.h; path = "IQUIViewController+Additions.h"; sourceTree = "<group>"; };
		0358C534206FF7CC007A2BC2 /* IQUIViewController+Additions.m */ = {isa = PBXFileReference; fileEncoding = 4; lastKnownFileType = sourcecode.c.objc; path = "IQUIViewController+Additions.m"; sourceTree = "<group>"; };
		0358C536206FF7CC007A2BC2 /* IQKeyboardManagerConstants.h */ = {isa = PBXFileReference; fileEncoding = 4; lastKnownFileType = sourcecode.c.h; path = IQKeyboardManagerConstants.h; sourceTree = "<group>"; };
		0358C537206FF7CC007A2BC2 /* IQKeyboardManagerConstantsInternal.h */ = {isa = PBXFileReference; fileEncoding = 4; lastKnownFileType = sourcecode.c.h; path = IQKeyboardManagerConstantsInternal.h; sourceTree = "<group>"; };
		0358C538206FF7CC007A2BC2 /* IQKeyboardManager.h */ = {isa = PBXFileReference; fileEncoding = 4; lastKnownFileType = sourcecode.c.h; path = IQKeyboardManager.h; sourceTree = "<group>"; };
		0358C539206FF7CC007A2BC2 /* IQKeyboardManager.m */ = {isa = PBXFileReference; fileEncoding = 4; lastKnownFileType = sourcecode.c.objc; path = IQKeyboardManager.m; sourceTree = "<group>"; };
		0358C53A206FF7CC007A2BC2 /* IQKeyboardReturnKeyHandler.h */ = {isa = PBXFileReference; fileEncoding = 4; lastKnownFileType = sourcecode.c.h; path = IQKeyboardReturnKeyHandler.h; sourceTree = "<group>"; };
		0358C53B206FF7CC007A2BC2 /* IQKeyboardReturnKeyHandler.m */ = {isa = PBXFileReference; fileEncoding = 4; lastKnownFileType = sourcecode.c.objc; path = IQKeyboardReturnKeyHandler.m; sourceTree = "<group>"; };
		0358C53D206FF7CC007A2BC2 /* IQTextView.h */ = {isa = PBXFileReference; fileEncoding = 4; lastKnownFileType = sourcecode.c.h; path = IQTextView.h; sourceTree = "<group>"; };
		0358C53E206FF7CC007A2BC2 /* IQTextView.m */ = {isa = PBXFileReference; fileEncoding = 4; lastKnownFileType = sourcecode.c.objc; path = IQTextView.m; sourceTree = "<group>"; };
		0358C540206FF7CC007A2BC2 /* IQBarButtonItem.h */ = {isa = PBXFileReference; fileEncoding = 4; lastKnownFileType = sourcecode.c.h; path = IQBarButtonItem.h; sourceTree = "<group>"; };
		0358C541206FF7CC007A2BC2 /* IQBarButtonItem.m */ = {isa = PBXFileReference; fileEncoding = 4; lastKnownFileType = sourcecode.c.objc; path = IQBarButtonItem.m; sourceTree = "<group>"; };
		0358C542206FF7CC007A2BC2 /* IQPreviousNextView.h */ = {isa = PBXFileReference; fileEncoding = 4; lastKnownFileType = sourcecode.c.h; path = IQPreviousNextView.h; sourceTree = "<group>"; };
		0358C543206FF7CC007A2BC2 /* IQPreviousNextView.m */ = {isa = PBXFileReference; fileEncoding = 4; lastKnownFileType = sourcecode.c.objc; path = IQPreviousNextView.m; sourceTree = "<group>"; };
		0358C544206FF7CC007A2BC2 /* IQTitleBarButtonItem.h */ = {isa = PBXFileReference; fileEncoding = 4; lastKnownFileType = sourcecode.c.h; path = IQTitleBarButtonItem.h; sourceTree = "<group>"; };
		0358C545206FF7CC007A2BC2 /* IQTitleBarButtonItem.m */ = {isa = PBXFileReference; fileEncoding = 4; lastKnownFileType = sourcecode.c.objc; path = IQTitleBarButtonItem.m; sourceTree = "<group>"; };
		0358C546206FF7CC007A2BC2 /* IQToolbar.h */ = {isa = PBXFileReference; fileEncoding = 4; lastKnownFileType = sourcecode.c.h; path = IQToolbar.h; sourceTree = "<group>"; };
		0358C547206FF7CC007A2BC2 /* IQToolbar.m */ = {isa = PBXFileReference; fileEncoding = 4; lastKnownFileType = sourcecode.c.objc; path = IQToolbar.m; sourceTree = "<group>"; };
		0358C548206FF7CC007A2BC2 /* IQUIView+IQKeyboardToolbar.h */ = {isa = PBXFileReference; fileEncoding = 4; lastKnownFileType = sourcecode.c.h; path = "IQUIView+IQKeyboardToolbar.h"; sourceTree = "<group>"; };
		0358C549206FF7CC007A2BC2 /* IQUIView+IQKeyboardToolbar.m */ = {isa = PBXFileReference; fileEncoding = 4; lastKnownFileType = sourcecode.c.objc; path = "IQUIView+IQKeyboardToolbar.m"; sourceTree = "<group>"; };
		0358C54B206FF7CC007A2BC2 /* IQKeyboardManager.bundle */ = {isa = PBXFileReference; lastKnownFileType = "wrapper.plug-in"; path = IQKeyboardManager.bundle; sourceTree = "<group>"; };
		0361C61B206E98A8001E928E /* WebAPI.swift */ = {isa = PBXFileReference; fileEncoding = 4; lastKnownFileType = sourcecode.swift; path = WebAPI.swift; sourceTree = "<group>"; };
		0361C61D206E9A72001E928E /* HTTPProtocol.swift */ = {isa = PBXFileReference; fileEncoding = 4; lastKnownFileType = sourcecode.swift; path = HTTPProtocol.swift; sourceTree = "<group>"; };
		036A65B8206BF7C40018D151 /* web-page-home.png */ = {isa = PBXFileReference; lastKnownFileType = image.png; path = "web-page-home.png"; sourceTree = "<group>"; };
		036A65BA206BF92C0018D151 /* plus-button.png */ = {isa = PBXFileReference; lastKnownFileType = image.png; path = "plus-button.png"; sourceTree = "<group>"; };
		036A65BC206BF98A0018D151 /* icon.png */ = {isa = PBXFileReference; lastKnownFileType = image.png; path = icon.png; sourceTree = "<group>"; };
		036A65BE206BFB5A0018D151 /* tabViewController.swift */ = {isa = PBXFileReference; lastKnownFileType = sourcecode.swift; path = tabViewController.swift; sourceTree = "<group>"; };
		036A65C1206BFF120018D151 /* HomeViewController.swift */ = {isa = PBXFileReference; lastKnownFileType = sourcecode.swift; path = HomeViewController.swift; sourceTree = "<group>"; };
		036A65C3206BFF240018D151 /* AddBookViewController.swift */ = {isa = PBXFileReference; lastKnownFileType = sourcecode.swift; path = AddBookViewController.swift; sourceTree = "<group>"; };
		036A65C5206BFF350018D151 /* ProfileViewController.swift */ = {isa = PBXFileReference; lastKnownFileType = sourcecode.swift; path = ProfileViewController.swift; sourceTree = "<group>"; };
		036A65C7206C003B0018D151 /* logout.png */ = {isa = PBXFileReference; lastKnownFileType = image.png; path = logout.png; sourceTree = "<group>"; };
		3E8295BD5D32F61BB689F037 /* Pods_BookExchange.framework */ = {isa = PBXFileReference; explicitFileType = wrapper.framework; includeInIndex = 0; path = Pods_BookExchange.framework; sourceTree = BUILT_PRODUCTS_DIR; };
		500628E312B9CD5A8C04F00E /* Pods-BookExchange.release.xcconfig */ = {isa = PBXFileReference; includeInIndex = 1; lastKnownFileType = text.xcconfig; name = "Pods-BookExchange.release.xcconfig"; path = "Pods/Target Support Files/Pods-BookExchange/Pods-BookExchange.release.xcconfig"; sourceTree = "<group>"; };
		522388042066F68D00008F6B /* BookExchange.app */ = {isa = PBXFileReference; explicitFileType = wrapper.application; includeInIndex = 0; path = BookExchange.app; sourceTree = BUILT_PRODUCTS_DIR; };
		522388072066F68D00008F6B /* AppDelegate.swift */ = {isa = PBXFileReference; lastKnownFileType = sourcecode.swift; path = AppDelegate.swift; sourceTree = "<group>"; };
		522388092066F68D00008F6B /* ViewController.swift */ = {isa = PBXFileReference; lastKnownFileType = sourcecode.swift; path = ViewController.swift; sourceTree = "<group>"; };
		5223880C2066F68D00008F6B /* Base */ = {isa = PBXFileReference; lastKnownFileType = file.storyboard; name = Base; path = Base.lproj/Main.storyboard; sourceTree = "<group>"; };
		5223880E2066F68D00008F6B /* Assets.xcassets */ = {isa = PBXFileReference; lastKnownFileType = folder.assetcatalog; path = Assets.xcassets; sourceTree = "<group>"; };
		522388112066F68D00008F6B /* Base */ = {isa = PBXFileReference; lastKnownFileType = file.storyboard; name = Base; path = Base.lproj/LaunchScreen.storyboard; sourceTree = "<group>"; };
		522388132066F68D00008F6B /* Info.plist */ = {isa = PBXFileReference; lastKnownFileType = text.plist.xml; path = Info.plist; sourceTree = "<group>"; };
		533971470A1AB39484975C20 /* Pods-BookExchange.debug.xcconfig */ = {isa = PBXFileReference; includeInIndex = 1; lastKnownFileType = text.xcconfig; name = "Pods-BookExchange.debug.xcconfig"; path = "Pods/Target Support Files/Pods-BookExchange/Pods-BookExchange.debug.xcconfig"; sourceTree = "<group>"; };
/* End PBXFileReference section */

/* Begin PBXFrameworksBuildPhase section */
		522388012066F68D00008F6B /* Frameworks */ = {
			isa = PBXFrameworksBuildPhase;
			buildActionMask = 2147483647;
			files = (
				A63DA5E347CFE8DC22195996 /* Pods_BookExchange.framework in Frameworks */,
			);
			runOnlyForDeploymentPostprocessing = 0;
		};
/* End PBXFrameworksBuildPhase section */

/* Begin PBXGroup section */
		0358C522206FF76F007A2BC2 /* ReSource */ = {
			isa = PBXGroup;
			children = (
				0358C529206FF7CC007A2BC2 /* IQKeyboardManager */,
			);
			name = ReSource;
			sourceTree = "<group>";
		};
		0358C529206FF7CC007A2BC2 /* IQKeyboardManager */ = {
			isa = PBXGroup;
			children = (
				0358C52A206FF7CC007A2BC2 /* Categories */,
				0358C535206FF7CC007A2BC2 /* Constants */,
				0358C538206FF7CC007A2BC2 /* IQKeyboardManager.h */,
				0358C539206FF7CC007A2BC2 /* IQKeyboardManager.m */,
				0358C53A206FF7CC007A2BC2 /* IQKeyboardReturnKeyHandler.h */,
				0358C53B206FF7CC007A2BC2 /* IQKeyboardReturnKeyHandler.m */,
				0358C53C206FF7CC007A2BC2 /* IQTextView */,
				0358C53F206FF7CC007A2BC2 /* IQToolbar */,
				0358C54A206FF7CC007A2BC2 /* Resources */,
			);
			path = IQKeyboardManager;
			sourceTree = "<group>";
		};
		0358C52A206FF7CC007A2BC2 /* Categories */ = {
			isa = PBXGroup;
			children = (
				0358C52B206FF7CC007A2BC2 /* IQNSArray+Sort.h */,
				0358C52C206FF7CC007A2BC2 /* IQNSArray+Sort.m */,
				0358C52D206FF7CC007A2BC2 /* IQUIScrollView+Additions.h */,
				0358C52E206FF7CC007A2BC2 /* IQUIScrollView+Additions.m */,
				0358C52F206FF7CC007A2BC2 /* IQUITextFieldView+Additions.h */,
				0358C530206FF7CC007A2BC2 /* IQUITextFieldView+Additions.m */,
				0358C531206FF7CC007A2BC2 /* IQUIView+Hierarchy.h */,
				0358C532206FF7CC007A2BC2 /* IQUIView+Hierarchy.m */,
				0358C533206FF7CC007A2BC2 /* IQUIViewController+Additions.h */,
				0358C534206FF7CC007A2BC2 /* IQUIViewController+Additions.m */,
			);
			path = Categories;
			sourceTree = "<group>";
		};
		0358C535206FF7CC007A2BC2 /* Constants */ = {
			isa = PBXGroup;
			children = (
				0358C536206FF7CC007A2BC2 /* IQKeyboardManagerConstants.h */,
				0358C537206FF7CC007A2BC2 /* IQKeyboardManagerConstantsInternal.h */,
			);
			path = Constants;
			sourceTree = "<group>";
		};
		0358C53C206FF7CC007A2BC2 /* IQTextView */ = {
			isa = PBXGroup;
			children = (
				0358C53D206FF7CC007A2BC2 /* IQTextView.h */,
				0358C53E206FF7CC007A2BC2 /* IQTextView.m */,
			);
			path = IQTextView;
			sourceTree = "<group>";
		};
		0358C53F206FF7CC007A2BC2 /* IQToolbar */ = {
			isa = PBXGroup;
			children = (
				0358C540206FF7CC007A2BC2 /* IQBarButtonItem.h */,
				0358C541206FF7CC007A2BC2 /* IQBarButtonItem.m */,
				0358C542206FF7CC007A2BC2 /* IQPreviousNextView.h */,
				0358C543206FF7CC007A2BC2 /* IQPreviousNextView.m */,
				0358C544206FF7CC007A2BC2 /* IQTitleBarButtonItem.h */,
				0358C545206FF7CC007A2BC2 /* IQTitleBarButtonItem.m */,
				0358C546206FF7CC007A2BC2 /* IQToolbar.h */,
				0358C547206FF7CC007A2BC2 /* IQToolbar.m */,
				0358C548206FF7CC007A2BC2 /* IQUIView+IQKeyboardToolbar.h */,
				0358C549206FF7CC007A2BC2 /* IQUIView+IQKeyboardToolbar.m */,
			);
			path = IQToolbar;
			sourceTree = "<group>";
		};
		0358C54A206FF7CC007A2BC2 /* Resources */ = {
			isa = PBXGroup;
			children = (
				0358C54B206FF7CC007A2BC2 /* IQKeyboardManager.bundle */,
			);
			path = Resources;
			sourceTree = "<group>";
		};
		0361C617206E97A1001E928E /* Source */ = {
			isa = PBXGroup;
			children = (
				036A65C0206BFE8B0018D151 /* Controller */,
				0361C61A206E9824001E928E /* Utility */,
				0361C618206E9811001E928E /* Modal */,
				0361C619206E981B001E928E /* View */,
			);
			name = Source;
			sourceTree = "<group>";
		};
		0361C618206E9811001E928E /* Modal */ = {
			isa = PBXGroup;
			children = (
				033430C32079E9E7008BF8CA /* BorderedButton.swift */,
				0358C502206FABE5007A2BC2 /* ActivityView.swift */,
			);
			name = Modal;
			sourceTree = "<group>";
		};
		0361C619206E981B001E928E /* View */ = {
			isa = PBXGroup;
			children = (
				0358C51E206FEEFC007A2BC2 /* ListCollectionViewCell.swift */,
				0358C51F206FEEFC007A2BC2 /* ListCollectionViewCell.xib */,
			);
			name = View;
			sourceTree = "<group>";
		};
		0361C61A206E9824001E928E /* Utility */ = {
			isa = PBXGroup;
			children = (
				0358C50A206FB214007A2BC2 /* Types.swift */,
				0358C507206FAD59007A2BC2 /* ToastCenter.swift */,
				0358C506206FAD58007A2BC2 /* ToastView.swift */,
				0358C504206FAC0F007A2BC2 /* Toast.swift */,
				0361C61B206E98A8001E928E /* WebAPI.swift */,
				0361C61F206E9A76001E928E /* Network */,
			);
			name = Utility;
			sourceTree = "<group>";
		};
		0361C61F206E9A76001E928E /* Network */ = {
			isa = PBXGroup;
			children = (
				0358C500206FA93A007A2BC2 /* UserLoginService.swift */,
				0361C61D206E9A72001E928E /* HTTPProtocol.swift */,
			);
			name = Network;
			sourceTree = "<group>";
		};
		036A65C0206BFE8B0018D151 /* Controller */ = {
			isa = PBXGroup;
			children = (
				522388072066F68D00008F6B /* AppDelegate.swift */,
				522388092066F68D00008F6B /* ViewController.swift */,
				0315DF3C206AB9BB00412AB9 /* SignUpViewController.swift */,
				036A65BE206BFB5A0018D151 /* tabViewController.swift */,
				036A65C1206BFF120018D151 /* HomeViewController.swift */,
				036A65C3206BFF240018D151 /* AddBookViewController.swift */,
				036A65C5206BFF350018D151 /* ProfileViewController.swift */,
			);
			name = Controller;
			sourceTree = "<group>";
		};
		522387FB2066F68D00008F6B = {
			isa = PBXGroup;
			children = (
				522388062066F68D00008F6B /* BookExchange */,
				522388052066F68D00008F6B /* Products */,
				B755A474FAF4B8117156DEF7 /* Pods */,
				DC019E0B923F17E29C59A16E /* Frameworks */,
			);
			sourceTree = "<group>";
		};
		522388052066F68D00008F6B /* Products */ = {
			isa = PBXGroup;
			children = (
				522388042066F68D00008F6B /* BookExchange.app */,
			);
			name = Products;
			sourceTree = "<group>";
		};
		522388062066F68D00008F6B /* BookExchange */ = {
			isa = PBXGroup;
			children = (
				0358C522206FF76F007A2BC2 /* ReSource */,
				0361C617206E97A1001E928E /* Source */,
				5223880B2066F68D00008F6B /* Main.storyboard */,
				5223880E2066F68D00008F6B /* Assets.xcassets */,
				522388102066F68D00008F6B /* LaunchScreen.storyboard */,
				0315DF3E206ABA7400412AB9 /* left-arrow.png */,
				036A65BC206BF98A0018D151 /* icon.png */,
				036A65B8206BF7C40018D151 /* web-page-home.png */,
				036A65BA206BF92C0018D151 /* plus-button.png */,
				036A65C7206C003B0018D151 /* logout.png */,
				0358C51A206FEC0E007A2BC2 /* Search.png */,
				0358C51C206FED3A007A2BC2 /* filter.png */,
				0358C518206FCF44007A2BC2 /* logout (1).png */,
				033430C52079EB97008BF8CA /* user (2).png */,
				033430C72079F364008BF8CA /* add.png */,
				522388132066F68D00008F6B /* Info.plist */,
			);
			path = BookExchange;
			sourceTree = "<group>";
		};
		B755A474FAF4B8117156DEF7 /* Pods */ = {
			isa = PBXGroup;
			children = (
				533971470A1AB39484975C20 /* Pods-BookExchange.debug.xcconfig */,
				500628E312B9CD5A8C04F00E /* Pods-BookExchange.release.xcconfig */,
			);
			name = Pods;
			sourceTree = "<group>";
		};
		DC019E0B923F17E29C59A16E /* Frameworks */ = {
			isa = PBXGroup;
			children = (
				3E8295BD5D32F61BB689F037 /* Pods_BookExchange.framework */,
			);
			name = Frameworks;
			sourceTree = "<group>";
		};
/* End PBXGroup section */

/* Begin PBXNativeTarget section */
		522388032066F68D00008F6B /* BookExchange */ = {
			isa = PBXNativeTarget;
			buildConfigurationList = 522388162066F68D00008F6B /* Build configuration list for PBXNativeTarget "BookExchange" */;
			buildPhases = (
				ED83F99FA4C412D118B8C393 /* [CP] Check Pods Manifest.lock */,
				522388002066F68D00008F6B /* Sources */,
				522388012066F68D00008F6B /* Frameworks */,
				522388022066F68D00008F6B /* Resources */,
				6DC0E2F03CA7855E4D76C829 /* [CP] Embed Pods Frameworks */,
				BD8C4E29D143C77271E9DCF9 /* [CP] Copy Pods Resources */,
			);
			buildRules = (
			);
			dependencies = (
			);
			name = BookExchange;
			productName = BookExchange;
			productReference = 522388042066F68D00008F6B /* BookExchange.app */;
			productType = "com.apple.product-type.application";
		};
/* End PBXNativeTarget section */

/* Begin PBXProject section */
		522387FC2066F68D00008F6B /* Project object */ = {
			isa = PBXProject;
			attributes = {
				LastSwiftUpdateCheck = 0920;
				LastUpgradeCheck = 0920;
				ORGANIZATIONNAME = "Christopher John Ison";
				TargetAttributes = {
					522388032066F68D00008F6B = {
						CreatedOnToolsVersion = 9.2;
						ProvisioningStyle = Manual;
					};
				};
			};
			buildConfigurationList = 522387FF2066F68D00008F6B /* Build configuration list for PBXProject "BookExchange" */;
			compatibilityVersion = "Xcode 8.0";
			developmentRegion = en;
			hasScannedForEncodings = 0;
			knownRegions = (
				en,
				Base,
			);
			mainGroup = 522387FB2066F68D00008F6B;
			productRefGroup = 522388052066F68D00008F6B /* Products */;
			projectDirPath = "";
			projectRoot = "";
			targets = (
				522388032066F68D00008F6B /* BookExchange */,
			);
		};
/* End PBXProject section */

/* Begin PBXResourcesBuildPhase section */
		522388022066F68D00008F6B /* Resources */ = {
			isa = PBXResourcesBuildPhase;
			buildActionMask = 2147483647;
			files = (
				036A65B9206BF7C50018D151 /* web-page-home.png in Resources */,
				036A65BD206BF98B0018D151 /* icon.png in Resources */,
				0358C521206FEEFC007A2BC2 /* ListCollectionViewCell.xib in Resources */,
				033430C82079F365008BF8CA /* add.png in Resources */,
				033430C62079EB98008BF8CA /* user (2).png in Resources */,
				0358C519206FCF45007A2BC2 /* logout (1).png in Resources */,
				0315DF3F206ABA7400412AB9 /* left-arrow.png in Resources */,
				522388122066F68D00008F6B /* LaunchScreen.storyboard in Resources */,
				036A65BB206BF92C0018D151 /* plus-button.png in Resources */,
				5223880F2066F68D00008F6B /* Assets.xcassets in Resources */,
				5223880D2066F68D00008F6B /* Main.storyboard in Resources */,
				0358C559206FF7CC007A2BC2 /* IQKeyboardManager.bundle in Resources */,
				036A65C8206C003B0018D151 /* logout.png in Resources */,
				0358C51B206FEC0E007A2BC2 /* Search.png in Resources */,
				0358C51D206FED3B007A2BC2 /* filter.png in Resources */,
			);
			runOnlyForDeploymentPostprocessing = 0;
		};
/* End PBXResourcesBuildPhase section */

/* Begin PBXShellScriptBuildPhase section */
		6DC0E2F03CA7855E4D76C829 /* [CP] Embed Pods Frameworks */ = {
			isa = PBXShellScriptBuildPhase;
			buildActionMask = 2147483647;
			files = (
			);
			inputPaths = (
				"${SRCROOT}/Pods/Target Support Files/Pods-BookExchange/Pods-BookExchange-frameworks.sh",
				"${BUILT_PRODUCTS_DIR}/Alamofire/Alamofire.framework",
				"${BUILT_PRODUCTS_DIR}/AlamofireImage/AlamofireImage.framework",
				"${BUILT_PRODUCTS_DIR}/BSGridCollectionViewLayout/BSGridCollectionViewLayout.framework",
				"${BUILT_PRODUCTS_DIR}/BSImagePicker/BSImagePicker.framework",
				"${BUILT_PRODUCTS_DIR}/ObjectMapper/ObjectMapper.framework",
				"${BUILT_PRODUCTS_DIR}/SDWebImage/SDWebImage.framework",
				"${BUILT_PRODUCTS_DIR}/UIImageViewModeScaleAspect/UIImageViewModeScaleAspect.framework",
			);
			name = "[CP] Embed Pods Frameworks";
			outputPaths = (
				"${TARGET_BUILD_DIR}/${FRAMEWORKS_FOLDER_PATH}/Alamofire.framework",
				"${TARGET_BUILD_DIR}/${FRAMEWORKS_FOLDER_PATH}/AlamofireImage.framework",
				"${TARGET_BUILD_DIR}/${FRAMEWORKS_FOLDER_PATH}/BSGridCollectionViewLayout.framework",
				"${TARGET_BUILD_DIR}/${FRAMEWORKS_FOLDER_PATH}/BSImagePicker.framework",
				"${TARGET_BUILD_DIR}/${FRAMEWORKS_FOLDER_PATH}/ObjectMapper.framework",
				"${TARGET_BUILD_DIR}/${FRAMEWORKS_FOLDER_PATH}/SDWebImage.framework",
				"${TARGET_BUILD_DIR}/${FRAMEWORKS_FOLDER_PATH}/UIImageViewModeScaleAspect.framework",
			);
			runOnlyForDeploymentPostprocessing = 0;
			shellPath = /bin/sh;
			shellScript = "\"${SRCROOT}/Pods/Target Support Files/Pods-BookExchange/Pods-BookExchange-frameworks.sh\"\n";
			showEnvVarsInLog = 0;
		};
		BD8C4E29D143C77271E9DCF9 /* [CP] Copy Pods Resources */ = {
			isa = PBXShellScriptBuildPhase;
			buildActionMask = 2147483647;
			files = (
			);
			inputPaths = (
			);
			name = "[CP] Copy Pods Resources";
			outputPaths = (
			);
			runOnlyForDeploymentPostprocessing = 0;
			shellPath = /bin/sh;
			shellScript = "\"${SRCROOT}/Pods/Target Support Files/Pods-BookExchange/Pods-BookExchange-resources.sh\"\n";
			showEnvVarsInLog = 0;
		};
		ED83F99FA4C412D118B8C393 /* [CP] Check Pods Manifest.lock */ = {
			isa = PBXShellScriptBuildPhase;
			buildActionMask = 2147483647;
			files = (
			);
			inputPaths = (
				"${PODS_PODFILE_DIR_PATH}/Podfile.lock",
				"${PODS_ROOT}/Manifest.lock",
			);
			name = "[CP] Check Pods Manifest.lock";
			outputPaths = (
				"$(DERIVED_FILE_DIR)/Pods-BookExchange-checkManifestLockResult.txt",
			);
			runOnlyForDeploymentPostprocessing = 0;
			shellPath = /bin/sh;
			shellScript = "diff \"${PODS_PODFILE_DIR_PATH}/Podfile.lock\" \"${PODS_ROOT}/Manifest.lock\" > /dev/null\nif [ $? != 0 ] ; then\n    # print error to STDERR\n    echo \"error: The sandbox is not in sync with the Podfile.lock. Run 'pod install' or update your CocoaPods installation.\" >&2\n    exit 1\nfi\n# This output is used by Xcode 'outputs' to avoid re-running this script phase.\necho \"SUCCESS\" > \"${SCRIPT_OUTPUT_FILE_0}\"\n";
			showEnvVarsInLog = 0;
		};
/* End PBXShellScriptBuildPhase section */

/* Begin PBXSourcesBuildPhase section */
		522388002066F68D00008F6B /* Sources */ = {
			isa = PBXSourcesBuildPhase;
			buildActionMask = 2147483647;
			files = (
				0358C54E206FF7CC007A2BC2 /* IQUITextFieldView+Additions.m in Sources */,
				0358C553206FF7CC007A2BC2 /* IQTextView.m in Sources */,
				0358C503206FABE6007A2BC2 /* ActivityView.swift in Sources */,
				0358C54D206FF7CC007A2BC2 /* IQUIScrollView+Additions.m in Sources */,
				0358C505206FAC0F007A2BC2 /* Toast.swift in Sources */,
				0358C551206FF7CC007A2BC2 /* IQKeyboardManager.m in Sources */,
				0358C554206FF7CC007A2BC2 /* IQBarButtonItem.m in Sources */,
				0358C552206FF7CC007A2BC2 /* IQKeyboardReturnKeyHandler.m in Sources */,
				0358C555206FF7CC007A2BC2 /* IQPreviousNextView.m in Sources */,
				0358C54F206FF7CC007A2BC2 /* IQUIView+Hierarchy.m in Sources */,
				0358C509206FAD59007A2BC2 /* ToastCenter.swift in Sources */,
				0358C50B206FB214007A2BC2 /* Types.swift in Sources */,
				0358C54C206FF7CC007A2BC2 /* IQNSArray+Sort.m in Sources */,
				0358C556206FF7CC007A2BC2 /* IQTitleBarButtonItem.m in Sources */,
				036A65C2206BFF120018D151 /* HomeViewController.swift in Sources */,
				036A65C4206BFF240018D151 /* AddBookViewController.swift in Sources */,
				036A65BF206BFB5A0018D151 /* tabViewController.swift in Sources */,
				0358C558206FF7CC007A2BC2 /* IQUIView+IQKeyboardToolbar.m in Sources */,
				0315DF3D206AB9BB00412AB9 /* SignUpViewController.swift in Sources */,
				036A65C6206BFF350018D151 /* ProfileViewController.swift in Sources */,
				033430C42079E9E7008BF8CA /* BorderedButton.swift in Sources */,
				0358C508206FAD59007A2BC2 /* ToastView.swift in Sources */,
				0358C520206FEEFC007A2BC2 /* ListCollectionViewCell.swift in Sources */,
				5223880A2066F68D00008F6B /* ViewController.swift in Sources */,
				0358C550206FF7CC007A2BC2 /* IQUIViewController+Additions.m in Sources */,
				0358C557206FF7CC007A2BC2 /* IQToolbar.m in Sources */,
				0361C61E206E9A72001E928E /* HTTPProtocol.swift in Sources */,
				522388082066F68D00008F6B /* AppDelegate.swift in Sources */,
				0361C61C206E98A8001E928E /* WebAPI.swift in Sources */,
				0358C501206FA93A007A2BC2 /* UserLoginService.swift in Sources */,
			);
			runOnlyForDeploymentPostprocessing = 0;
		};
/* End PBXSourcesBuildPhase section */

/* Begin PBXVariantGroup section */
		5223880B2066F68D00008F6B /* Main.storyboard */ = {
			isa = PBXVariantGroup;
			children = (
				5223880C2066F68D00008F6B /* Base */,
			);
			name = Main.storyboard;
			sourceTree = "<group>";
		};
		522388102066F68D00008F6B /* LaunchScreen.storyboard */ = {
			isa = PBXVariantGroup;
			children = (
				522388112066F68D00008F6B /* Base */,
			);
			name = LaunchScreen.storyboard;
			sourceTree = "<group>";
		};
/* End PBXVariantGroup section */

/* Begin XCBuildConfiguration section */
		522388142066F68D00008F6B /* Debug */ = {
			isa = XCBuildConfiguration;
			buildSettings = {
				ALWAYS_SEARCH_USER_PATHS = NO;
				CLANG_ANALYZER_NONNULL = YES;
				CLANG_ANALYZER_NUMBER_OBJECT_CONVERSION = YES_AGGRESSIVE;
				CLANG_CXX_LANGUAGE_STANDARD = "gnu++14";
				CLANG_CXX_LIBRARY = "libc++";
				CLANG_ENABLE_MODULES = YES;
				CLANG_ENABLE_OBJC_ARC = YES;
				CLANG_WARN_BLOCK_CAPTURE_AUTORELEASING = YES;
				CLANG_WARN_BOOL_CONVERSION = YES;
				CLANG_WARN_COMMA = YES;
				CLANG_WARN_CONSTANT_CONVERSION = YES;
				CLANG_WARN_DIRECT_OBJC_ISA_USAGE = YES_ERROR;
				CLANG_WARN_DOCUMENTATION_COMMENTS = YES;
				CLANG_WARN_EMPTY_BODY = YES;
				CLANG_WARN_ENUM_CONVERSION = YES;
				CLANG_WARN_INFINITE_RECURSION = YES;
				CLANG_WARN_INT_CONVERSION = YES;
				CLANG_WARN_NON_LITERAL_NULL_CONVERSION = YES;
				CLANG_WARN_OBJC_LITERAL_CONVERSION = YES;
				CLANG_WARN_OBJC_ROOT_CLASS = YES_ERROR;
				CLANG_WARN_RANGE_LOOP_ANALYSIS = YES;
				CLANG_WARN_STRICT_PROTOTYPES = YES;
				CLANG_WARN_SUSPICIOUS_MOVE = YES;
				CLANG_WARN_UNGUARDED_AVAILABILITY = YES_AGGRESSIVE;
				CLANG_WARN_UNREACHABLE_CODE = YES;
				CLANG_WARN__DUPLICATE_METHOD_MATCH = YES;
				CODE_SIGN_IDENTITY = "iPhone Developer";
				COPY_PHASE_STRIP = NO;
				DEBUG_INFORMATION_FORMAT = dwarf;
				ENABLE_STRICT_OBJC_MSGSEND = YES;
				ENABLE_TESTABILITY = YES;
				GCC_C_LANGUAGE_STANDARD = gnu11;
				GCC_DYNAMIC_NO_PIC = NO;
				GCC_NO_COMMON_BLOCKS = YES;
				GCC_OPTIMIZATION_LEVEL = 0;
				GCC_PREPROCESSOR_DEFINITIONS = (
					"DEBUG=1",
					"$(inherited)",
				);
				GCC_WARN_64_TO_32_BIT_CONVERSION = YES;
				GCC_WARN_ABOUT_RETURN_TYPE = YES_ERROR;
				GCC_WARN_UNDECLARED_SELECTOR = YES;
				GCC_WARN_UNINITIALIZED_AUTOS = YES_AGGRESSIVE;
				GCC_WARN_UNUSED_FUNCTION = YES;
				GCC_WARN_UNUSED_VARIABLE = YES;
				IPHONEOS_DEPLOYMENT_TARGET = 11.2;
				MTL_ENABLE_DEBUG_INFO = YES;
				ONLY_ACTIVE_ARCH = YES;
				SDKROOT = iphoneos;
				SWIFT_ACTIVE_COMPILATION_CONDITIONS = DEBUG;
				SWIFT_OPTIMIZATION_LEVEL = "-Onone";
			};
			name = Debug;
		};
		522388152066F68D00008F6B /* Release */ = {
			isa = XCBuildConfiguration;
			buildSettings = {
				ALWAYS_SEARCH_USER_PATHS = NO;
				CLANG_ANALYZER_NONNULL = YES;
				CLANG_ANALYZER_NUMBER_OBJECT_CONVERSION = YES_AGGRESSIVE;
				CLANG_CXX_LANGUAGE_STANDARD = "gnu++14";
				CLANG_CXX_LIBRARY = "libc++";
				CLANG_ENABLE_MODULES = YES;
				CLANG_ENABLE_OBJC_ARC = YES;
				CLANG_WARN_BLOCK_CAPTURE_AUTORELEASING = YES;
				CLANG_WARN_BOOL_CONVERSION = YES;
				CLANG_WARN_COMMA = YES;
				CLANG_WARN_CONSTANT_CONVERSION = YES;
				CLANG_WARN_DIRECT_OBJC_ISA_USAGE = YES_ERROR;
				CLANG_WARN_DOCUMENTATION_COMMENTS = YES;
				CLANG_WARN_EMPTY_BODY = YES;
				CLANG_WARN_ENUM_CONVERSION = YES;
				CLANG_WARN_INFINITE_RECURSION = YES;
				CLANG_WARN_INT_CONVERSION = YES;
				CLANG_WARN_NON_LITERAL_NULL_CONVERSION = YES;
				CLANG_WARN_OBJC_LITERAL_CONVERSION = YES;
				CLANG_WARN_OBJC_ROOT_CLASS = YES_ERROR;
				CLANG_WARN_RANGE_LOOP_ANALYSIS = YES;
				CLANG_WARN_STRICT_PROTOTYPES = YES;
				CLANG_WARN_SUSPICIOUS_MOVE = YES;
				CLANG_WARN_UNGUARDED_AVAILABILITY = YES_AGGRESSIVE;
				CLANG_WARN_UNREACHABLE_CODE = YES;
				CLANG_WARN__DUPLICATE_METHOD_MATCH = YES;
				CODE_SIGN_IDENTITY = "iPhone Developer";
				COPY_PHASE_STRIP = NO;
				DEBUG_INFORMATION_FORMAT = "dwarf-with-dsym";
				ENABLE_NS_ASSERTIONS = NO;
				ENABLE_STRICT_OBJC_MSGSEND = YES;
				GCC_C_LANGUAGE_STANDARD = gnu11;
				GCC_NO_COMMON_BLOCKS = YES;
				GCC_WARN_64_TO_32_BIT_CONVERSION = YES;
				GCC_WARN_ABOUT_RETURN_TYPE = YES_ERROR;
				GCC_WARN_UNDECLARED_SELECTOR = YES;
				GCC_WARN_UNINITIALIZED_AUTOS = YES_AGGRESSIVE;
				GCC_WARN_UNUSED_FUNCTION = YES;
				GCC_WARN_UNUSED_VARIABLE = YES;
				IPHONEOS_DEPLOYMENT_TARGET = 11.2;
				MTL_ENABLE_DEBUG_INFO = NO;
				SDKROOT = iphoneos;
				SWIFT_OPTIMIZATION_LEVEL = "-Owholemodule";
				VALIDATE_PRODUCT = YES;
			};
			name = Release;
		};
		522388172066F68D00008F6B /* Debug */ = {
			isa = XCBuildConfiguration;
			baseConfigurationReference = 533971470A1AB39484975C20 /* Pods-BookExchange.debug.xcconfig */;
			buildSettings = {
				ASSETCATALOG_COMPILER_APPICON_NAME = AppIcon;
				CODE_SIGN_STYLE = Manual;
				DEVELOPMENT_TEAM = "";
				INFOPLIST_FILE = BookExchange/Info.plist;
				LD_RUNPATH_SEARCH_PATHS = "$(inherited) @executable_path/Frameworks";
				PRODUCT_BUNDLE_IDENTIFIER = john.practice.BookExchange;
				PRODUCT_NAME = "$(TARGET_NAME)";
				PROVISIONING_PROFILE_SPECIFIER = "";
				SWIFT_VERSION = 4.0;
				TARGETED_DEVICE_FAMILY = "1,2";
			};
			name = Debug;
		};
		522388182066F68D00008F6B /* Release */ = {
			isa = XCBuildConfiguration;
			baseConfigurationReference = 500628E312B9CD5A8C04F00E /* Pods-BookExchange.release.xcconfig */;
			buildSettings = {
				ASSETCATALOG_COMPILER_APPICON_NAME = AppIcon;
				CODE_SIGN_STYLE = Manual;
				DEVELOPMENT_TEAM = "";
				INFOPLIST_FILE = BookExchange/Info.plist;
				LD_RUNPATH_SEARCH_PATHS = "$(inherited) @executable_path/Frameworks";
				PRODUCT_BUNDLE_IDENTIFIER = john.practice.BookExchange;
				PRODUCT_NAME = "$(TARGET_NAME)";
				PROVISIONING_PROFILE_SPECIFIER = "";
				SWIFT_VERSION = 4.0;
				TARGETED_DEVICE_FAMILY = "1,2";
			};
			name = Release;
		};
/* End XCBuildConfiguration section */

/* Begin XCConfigurationList section */
		522387FF2066F68D00008F6B /* Build configuration list for PBXProject "BookExchange" */ = {
			isa = XCConfigurationList;
			buildConfigurations = (
				522388142066F68D00008F6B /* Debug */,
				522388152066F68D00008F6B /* Release */,
			);
			defaultConfigurationIsVisible = 0;
			defaultConfigurationName = Release;
		};
		522388162066F68D00008F6B /* Build configuration list for PBXNativeTarget "BookExchange" */ = {
			isa = XCConfigurationList;
			buildConfigurations = (
				522388172066F68D00008F6B /* Debug */,
				522388182066F68D00008F6B /* Release */,
			);
			defaultConfigurationIsVisible = 0;
			defaultConfigurationName = Release;
		};
/* End XCConfigurationList section */
	};
	rootObject = 522387FC2066F68D00008F6B /* Project object */;
}
